PODS:
  - Kingfisher (4.6.1)
  - RxCocoa (4.1.1):
    - RxSwift (~> 4.0)
  - RxSwift (4.1.1)
  - VK-ios-sdk (1.4.6)

DEPENDENCIES:
  - Kingfisher
  - RxCocoa
  - RxSwift
  - VK-ios-sdk

SPEC CHECKSUMS:
  Kingfisher: 1f9157d9c02b380cbd0b7cc890161195164eb634
  RxCocoa: fd0862fd2df95fa55562ad28ffd2522c25eb4a85
  RxSwift: c6e3b1c7b325c7d121cd4327e9d98b7ed746b570
  VK-ios-sdk: 7fd48bc5aaa6b96c3197c1987eb6593f2ea67331

PODFILE CHECKSUM: e155ef255aee177853874c85908b0b7c740b0a1f

COCOAPODS: 1.2.1
